
Microsoft Visual Studio Solution File, Format Version 12.00
# Visual Studio Version 17
VisualStudioVersion = 17.7.34031.279
MinimumVisualStudioVersion = 10.0.40219.1
Project("{FAE04EC0-301F-11D3-BF4B-00C04F79EFBC}") = "02_Rechteck", "02_Rechteck\02_Rechteck.csproj", "{ECD18FF4-E502-4467-83C2-29DE68DC53DC}"
EndProject
Project("{2150E333-8FDC-42A3-9474-1A3956D46DE8}") = "Projektmappenelemente", "Projektmappenelemente", "{E094EAA4-56FC-442E-9307-61B490FF65E1}"
EndProject
Global
	GlobalSection(SolutionConfigurationPlatforms) = preSolution
		Debug|Any CPU = Debug|Any CPU
		Release|Any CPU = Release|Any CPU
	EndGlobalSection
	GlobalSection(ProjectConfigurationPlatforms) = postSolution
		{ECD18FF4-E502-4467-83C2-29DE68DC53DC}.Debug|Any CPU.ActiveCfg = Debug|Any CPU
		{ECD18FF4-E502-4467-83C2-29DE68DC53DC}.Debug|Any CPU.Build.0 = Debug|Any CPU
		{ECD18FF4-E502-4467-83C2-29DE68DC53DC}.Release|Any CPU.ActiveCfg = Release|Any CPU
		{ECD18FF4-E502-4467-83C2-29DE68DC53DC}.Release|Any CPU.Build.0 = Release|Any CPU
	EndGlobalSection
	GlobalSection(SolutionProperties) = preSolution
		HideSolutionNode = FALSE
	EndGlobalSection
	GlobalSection(ExtensibilityGlobals) = postSolution
		SolutionGuid = {0059AA32-B5CB-4ACD-81B5-3A2D3922DC59}
	EndGlobalSection
EndGlobal
